
Microsoft Visual Studio Solution File, Format Version 12.00
# Visual Studio Version 17
VisualStudioVersion = 17.3.32819.101
MinimumVisualStudioVersion = 10.0.40219.1
Project("{FAE04EC0-301F-11D3-BF4B-00C04F79EFBC}") = "Assignment1CAndUnitTests", "Assignment1CAndUnitTests.csproj", "{FCDEDE83-EE4B-4FCA-BEC8-9F8501B172D0}"
EndProject
Project("{FAE04EC0-301F-11D3-BF4B-00C04F79EFBC}") = "Assignment1CAndUnitTestsTests", "..\Assignment1CAndUnitTestsTests\Assignment1CAndUnitTestsTests.csproj", "{7187FBDB-0480-476A-9E3D-3C43788C94D2}"
EndProject
Global
	GlobalSection(SolutionConfigurationPlatforms) = preSolution
		Debug|Any CPU = Debug|Any CPU
		Release|Any CPU = Release|Any CPU
	EndGlobalSection
	GlobalSection(ProjectConfigurationPlatforms) = postSolution
		{FCDEDE83-EE4B-4FCA-BEC8-9F8501B172D0}.Debug|Any CPU.ActiveCfg = Debug|Any CPU
		{FCDEDE83-EE4B-4FCA-BEC8-9F8501B172D0}.Debug|Any CPU.Build.0 = Debug|Any CPU
		{FCDEDE83-EE4B-4FCA-BEC8-9F8501B172D0}.Release|Any CPU.ActiveCfg = Release|Any CPU
		{FCDEDE83-EE4B-4FCA-BEC8-9F8501B172D0}.Release|Any CPU.Build.0 = Release|Any CPU
		{7187FBDB-0480-476A-9E3D-3C43788C94D2}.Debug|Any CPU.ActiveCfg = Debug|Any CPU
		{7187FBDB-0480-476A-9E3D-3C43788C94D2}.Debug|Any CPU.Build.0 = Debug|Any CPU
		{7187FBDB-0480-476A-9E3D-3C43788C94D2}.Release|Any CPU.ActiveCfg = Release|Any CPU
		{7187FBDB-0480-476A-9E3D-3C43788C94D2}.Release|Any CPU.Build.0 = Release|Any CPU
	EndGlobalSection
	GlobalSection(SolutionProperties) = preSolution
		HideSolutionNode = FALSE
	EndGlobalSection
	GlobalSection(ExtensibilityGlobals) = postSolution
		SolutionGuid = {57DCC3D3-E7C3-4107-9759-E95CC9C8B78A}
	EndGlobalSection
EndGlobal
